# Generated by pub
# See https://dart.dev/tools/pub/glossary#lockfile
packages:
  _fe_analyzer_shared:
    dependency: transitive
    description:
      name: _fe_analyzer_shared
      url: "https://pub.dartlang.org"
    source: hosted
    version: "31.0.0"
  amplitude_flutter:
    dependency: "direct main"
    description:
      name: amplitude_flutter
      url: "https://pub.dartlang.org"
    source: hosted
    version: "3.8.1"
  analyzer:
    dependency: transitive
    description:
      name: analyzer
      url: "https://pub.dartlang.org"
    source: hosted
    version: "2.8.0"
  archive:
    dependency: transitive
    description:
      name: archive
      url: "https://pub.dartlang.org"
    source: hosted
    version: "3.1.6"
  args:
    dependency: transitive
    description:
      name: args
      url: "https://pub.dartlang.org"
    source: hosted
    version: "2.3.0"
  async:
    dependency: transitive
    description:
      name: async
      url: "https://pub.dartlang.org"
    source: hosted
    version: "2.8.2"
  boolean_selector:
    dependency: transitive
    description:
      name: boolean_selector
      url: "https://pub.dartlang.org"
    source: hosted
    version: "2.1.0"
  carousel_slider:
    dependency: transitive
    description:
      name: carousel_slider
      url: "https://pub.dartlang.org"
    source: hosted
    version: "4.1.1"
  characters:
    dependency: transitive
    description:
      name: characters
      url: "https://pub.dartlang.org"
    source: hosted
    version: "1.2.0"
  charcode:
    dependency: transitive
    description:
      name: charcode
      url: "https://pub.dartlang.org"
    source: hosted
    version: "1.3.1"
  chewie:
    dependency: transitive
    description:
      name: chewie
      url: "https://pub.dartlang.org"
    source: hosted
    version: "1.3.2"
  chewie_audio:
    dependency: transitive
    description:
      name: chewie_audio
      url: "https://pub.dartlang.org"
    source: hosted
    version: "1.3.0"
  cli_util:
    dependency: transitive
    description:
      name: cli_util
      url: "https://pub.dartlang.org"
    source: hosted
    version: "0.3.5"
  clock:
    dependency: transitive
    description:
      name: clock
      url: "https://pub.dartlang.org"
    source: hosted
    version: "1.1.0"
  collection:
    dependency: transitive
    description:
      name: collection
      url: "https://pub.dartlang.org"
    source: hosted
    version: "1.15.0"
  convert:
    dependency: transitive
    description:
      name: convert
      url: "https://pub.dartlang.org"
    source: hosted
    version: "3.0.1"
  crypto:
    dependency: transitive
    description:
      name: crypto
      url: "https://pub.dartlang.org"
    source: hosted
    version: "3.0.1"
  csslib:
    dependency: transitive
    description:
      name: csslib
      url: "https://pub.dartlang.org"
    source: hosted
    version: "0.17.1"
  cupertino_icons:
    dependency: transitive
    description:
      name: cupertino_icons
      url: "https://pub.dartlang.org"
    source: hosted
    version: "1.0.4"
  dart_style:
    dependency: transitive
    description:
      name: dart_style
      url: "https://pub.dartlang.org"
    source: hosted
    version: "2.2.1"
  decision:
    dependency: transitive
    description:
      name: decision
      url: "https://pub.dartlang.org"
    source: hosted
    version: "0.0.4"
  fake_async:
    dependency: transitive
    description:
      name: fake_async
      url: "https://pub.dartlang.org"
    source: hosted
    version: "1.2.0"
  ffi:
    dependency: transitive
    description:
      name: ffi
      url: "https://pub.dartlang.org"
    source: hosted
    version: "1.1.2"
  file:
    dependency: transitive
    description:
      name: file
      url: "https://pub.dartlang.org"
    source: hosted
    version: "6.1.2"
  firebase_core:
    dependency: "direct main"
    description:
      name: firebase_core
      url: "https://pub.dartlang.org"
    source: hosted
    version: "1.15.0"
  firebase_core_platform_interface:
    dependency: transitive
    description:
      name: firebase_core_platform_interface
      url: "https://pub.dartlang.org"
    source: hosted
    version: "4.2.5"
  firebase_core_web:
    dependency: transitive
    description:
      name: firebase_core_web
      url: "https://pub.dartlang.org"
    source: hosted
    version: "1.6.2"
  flutter:
    dependency: "direct main"
    description: flutter
    source: sdk
    version: "0.0.0"
  flutter_appauth:
    dependency: transitive
    description:
      name: flutter_appauth
      url: "https://pub.dartlang.org"
    source: hosted
    version: "2.4.1"
  flutter_appauth_platform_interface:
    dependency: transitive
    description:
      name: flutter_appauth_platform_interface
      url: "https://pub.dartlang.org"
    source: hosted
    version: "4.1.0"
  flutter_driver:
    dependency: transitive
    description: flutter
    source: sdk
    version: "0.0.0"
  flutter_html:
    dependency: transitive
    description:
      name: flutter_html
      url: "https://pub.dartlang.org"
    source: hosted
    version: "2.2.1"
  flutter_layout_grid:
    dependency: transitive
    description:
      name: flutter_layout_grid
      url: "https://pub.dartlang.org"
    source: hosted
    version: "1.0.6"
  flutter_lints:
    dependency: "direct dev"
    description:
      name: flutter_lints
      url: "https://pub.dartlang.org"
    source: hosted
    version: "1.0.4"
  flutter_localizations:
    dependency: "direct main"
    description: flutter
    source: sdk
    version: "0.0.0"
  flutter_markdown:
    dependency: "direct main"
    description:
      name: flutter_markdown
      url: "https://pub.dartlang.org"
    source: hosted
    version: "0.6.10"
  flutter_math_fork:
    dependency: transitive
    description:
      name: flutter_math_fork
      url: "https://pub.dartlang.org"
    source: hosted
    version: "0.5.0"
  flutter_secure_storage:
    dependency: "direct main"
    description:
      name: flutter_secure_storage
      url: "https://pub.dartlang.org"
    source: hosted
    version: "5.0.2"
  flutter_secure_storage_linux:
    dependency: transitive
    description:
      name: flutter_secure_storage_linux
      url: "https://pub.dartlang.org"
    source: hosted
    version: "1.1.0"
  flutter_secure_storage_macos:
    dependency: transitive
    description:
      name: flutter_secure_storage_macos
      url: "https://pub.dartlang.org"
    source: hosted
    version: "1.1.0"
  flutter_secure_storage_platform_interface:
    dependency: transitive
    description:
      name: flutter_secure_storage_platform_interface
      url: "https://pub.dartlang.org"
    source: hosted
    version: "1.0.0"
  flutter_secure_storage_web:
    dependency: transitive
    description:
      name: flutter_secure_storage_web
      url: "https://pub.dartlang.org"
    source: hosted
    version: "1.0.2"
  flutter_secure_storage_windows:
    dependency: transitive
    description:
      name: flutter_secure_storage_windows
      url: "https://pub.dartlang.org"
    source: hosted
    version: "1.1.2"
  flutter_svg:
    dependency: transitive
    description:
      name: flutter_svg
      url: "https://pub.dartlang.org"
    source: hosted
    version: "0.23.0+1"
  flutter_test:
    dependency: "direct dev"
    description: flutter
    source: sdk
    version: "0.0.0"
  flutter_web_plugins:
    dependency: transitive
    description: flutter
    source: sdk
    version: "0.0.0"
  fuchsia_remote_debug_protocol:
    dependency: transitive
    description: flutter
    source: sdk
    version: "0.0.0"
  glob:
    dependency: transitive
    description:
      name: glob
      url: "https://pub.dartlang.org"
    source: hosted
    version: "2.0.2"
  google_provider:
    dependency: "direct main"
    description:
      name: google_provider
      url: "https://pub.dartlang.org"
    source: hosted
    version: "0.0.9"
  html:
    dependency: transitive
    description:
      name: html
      url: "https://pub.dartlang.org"
    source: hosted
    version: "0.15.0"
  http:
    dependency: transitive
    description:
      name: http
      url: "https://pub.dartlang.org"
    source: hosted
    version: "0.13.4"
  http_parser:
    dependency: transitive
    description:
      name: http_parser
      url: "https://pub.dartlang.org"
    source: hosted
    version: "4.0.0"
  httpp:
    dependency: "direct main"
    description:
      name: httpp
      url: "https://pub.dartlang.org"
    source: hosted
    version: "0.0.4"
  info_carousel:
    dependency: transitive
    description:
      name: info_carousel
      url: "https://pub.dartlang.org"
    source: hosted
    version: "0.0.4"
  integration_test:
    dependency: "direct dev"
    description: flutter
    source: sdk
    version: "0.0.0"
  intl:
    dependency: "direct main"
    description:
      name: intl
      url: "https://pub.dartlang.org"
    source: hosted
    version: "0.17.0"
  intl_utils:
    dependency: "direct main"
    description:
      name: intl_utils
      url: "https://pub.dartlang.org"
    source: hosted
    version: "2.6.1"
  js:
    dependency: transitive
    description:
      name: js
      url: "https://pub.dartlang.org"
    source: hosted
    version: "0.6.3"
  lints:
    dependency: transitive
    description:
      name: lints
      url: "https://pub.dartlang.org"
    source: hosted
    version: "1.0.1"
  logging:
    dependency: "direct main"
    description:
      name: logging
      url: "https://pub.dartlang.org"
    source: hosted
    version: "1.0.2"
  lottie:
    dependency: transitive
    description:
      name: lottie
      url: "https://pub.dartlang.org"
    source: hosted
    version: "1.3.0"
  markdown:
    dependency: transitive
    description:
      name: markdown
      url: "https://pub.dartlang.org"
    source: hosted
    version: "5.0.0"
  matcher:
    dependency: transitive
    description:
      name: matcher
      url: "https://pub.dartlang.org"
    source: hosted
    version: "0.12.11"
  material_color_utilities:
    dependency: transitive
    description:
      name: material_color_utilities
      url: "https://pub.dartlang.org"
    source: hosted
    version: "0.1.3"
  meta:
    dependency: transitive
    description:
      name: meta
      url: "https://pub.dartlang.org"
    source: hosted
    version: "1.7.0"
  microsoft_provider:
    dependency: "direct main"
    description:
      name: microsoft_provider
      url: "https://pub.dartlang.org"
    source: hosted
    version: "0.0.9"
  mime:
    dependency: transitive
    description:
      name: mime
      url: "https://pub.dartlang.org"
    source: hosted
    version: "1.0.1"
  nested:
    dependency: transitive
    description:
      name: nested
      url: "https://pub.dartlang.org"
    source: hosted
    version: "1.0.0"
  numerus:
    dependency: transitive
    description:
      name: numerus
      url: "https://pub.dartlang.org"
    source: hosted
    version: "1.1.1"
  package_config:
    dependency: transitive
    description:
      name: package_config
      url: "https://pub.dartlang.org"
    source: hosted
    version: "2.0.2"
  package_info:
    dependency: transitive
    description:
      name: package_info
      url: "https://pub.dartlang.org"
    source: hosted
    version: "2.0.2"
  package_info_plus:
    dependency: transitive
    description:
      name: package_info_plus
      url: "https://pub.dartlang.org"
    source: hosted
    version: "1.3.0"
  package_info_plus_linux:
    dependency: transitive
    description:
      name: package_info_plus_linux
      url: "https://pub.dartlang.org"
    source: hosted
    version: "1.0.3"
  package_info_plus_macos:
    dependency: transitive
    description:
      name: package_info_plus_macos
      url: "https://pub.dartlang.org"
    source: hosted
    version: "1.3.0"
  package_info_plus_platform_interface:
    dependency: transitive
    description:
      name: package_info_plus_platform_interface
      url: "https://pub.dartlang.org"
    source: hosted
    version: "1.0.2"
  package_info_plus_web:
    dependency: transitive
    description:
      name: package_info_plus_web
      url: "https://pub.dartlang.org"
    source: hosted
    version: "1.0.4"
  package_info_plus_windows:
    dependency: transitive
    description:
      name: package_info_plus_windows
      url: "https://pub.dartlang.org"
    source: hosted
    version: "1.0.4"
  path:
    dependency: transitive
    description:
      name: path
      url: "https://pub.dartlang.org"
    source: hosted
    version: "1.8.0"
  path_drawing:
    dependency: transitive
    description:
      name: path_drawing
      url: "https://pub.dartlang.org"
    source: hosted
    version: "0.5.1+1"
  path_parsing:
    dependency: transitive
    description:
      name: path_parsing
      url: "https://pub.dartlang.org"
    source: hosted
    version: "0.2.1"
  path_provider:
    dependency: transitive
    description:
      name: path_provider
      url: "https://pub.dartlang.org"
    source: hosted
    version: "2.0.9"
  path_provider_android:
    dependency: transitive
    description:
      name: path_provider_android
      url: "https://pub.dartlang.org"
    source: hosted
    version: "2.0.11"
  path_provider_ios:
    dependency: transitive
    description:
      name: path_provider_ios
      url: "https://pub.dartlang.org"
    source: hosted
    version: "2.0.7"
  path_provider_linux:
    dependency: transitive
    description:
      name: path_provider_linux
      url: "https://pub.dartlang.org"
    source: hosted
    version: "2.1.5"
  path_provider_macos:
    dependency: transitive
    description:
      name: path_provider_macos
      url: "https://pub.dartlang.org"
    source: hosted
    version: "2.0.5"
  path_provider_platform_interface:
    dependency: transitive
    description:
      name: path_provider_platform_interface
      url: "https://pub.dartlang.org"
    source: hosted
    version: "2.0.3"
  path_provider_windows:
    dependency: transitive
    description:
      name: path_provider_windows
      url: "https://pub.dartlang.org"
    source: hosted
    version: "2.0.5"
  permission_handler:
    dependency: transitive
    description:
      name: permission_handler
      url: "https://pub.dartlang.org"
    source: hosted
    version: "9.2.0"
  permission_handler_android:
    dependency: transitive
    description:
      name: permission_handler_android
      url: "https://pub.dartlang.org"
    source: hosted
    version: "9.0.2+1"
  permission_handler_apple:
    dependency: transitive
    description:
      name: permission_handler_apple
      url: "https://pub.dartlang.org"
    source: hosted
    version: "9.0.4"
  permission_handler_platform_interface:
    dependency: transitive
    description:
      name: permission_handler_platform_interface
      url: "https://pub.dartlang.org"
    source: hosted
    version: "3.7.0"
  permission_handler_windows:
    dependency: transitive
    description:
      name: permission_handler_windows
      url: "https://pub.dartlang.org"
    source: hosted
    version: "0.1.0"
  petitparser:
    dependency: transitive
    description:
      name: petitparser
      url: "https://pub.dartlang.org"
    source: hosted
    version: "4.4.0"
  platform:
    dependency: transitive
    description:
      name: platform
      url: "https://pub.dartlang.org"
    source: hosted
    version: "3.1.0"
  plugin_platform_interface:
    dependency: transitive
    description:
      name: plugin_platform_interface
      url: "https://pub.dartlang.org"
    source: hosted
    version: "2.1.2"
  pointycastle:
    dependency: transitive
    description:
      name: pointycastle
      url: "https://pub.dartlang.org"
    source: hosted
    version: "3.6.0"
  process:
    dependency: transitive
    description:
      name: process
      url: "https://pub.dartlang.org"
    source: hosted
    version: "4.2.4"
  provider:
    dependency: "direct main"
    description:
      name: provider
      url: "https://pub.dartlang.org"
    source: hosted
    version: "6.0.2"
  pub_semver:
    dependency: transitive
    description:
      name: pub_semver
      url: "https://pub.dartlang.org"
    source: hosted
    version: "2.1.0"
  qr:
    dependency: transitive
    description:
      name: qr
      url: "https://pub.dartlang.org"
    source: hosted
    version: "2.1.0"
  qr_flutter:
    dependency: transitive
    description:
      name: qr_flutter
      url: "https://pub.dartlang.org"
    source: hosted
    version: "4.0.0"
  quiver:
    dependency: transitive
    description:
      name: quiver
      url: "https://pub.dartlang.org"
    source: hosted
    version: "3.0.1+1"
  sentry:
    dependency: transitive
    description:
      name: sentry
      url: "https://pub.dartlang.org"
    source: hosted
    version: "6.5.1"
  sentry_flutter:
    dependency: "direct main"
    description:
      name: sentry_flutter
      url: "https://pub.dartlang.org"
    source: hosted
    version: "6.5.1"
  share_plus:
    dependency: transitive
    description:
      name: share_plus
      url: "https://pub.dartlang.org"
    source: hosted
    version: "3.1.0"
  share_plus_linux:
    dependency: transitive
    description:
      name: share_plus_linux
      url: "https://pub.dartlang.org"
    source: hosted
    version: "2.0.4"
  share_plus_macos:
    dependency: transitive
    description:
      name: share_plus_macos
      url: "https://pub.dartlang.org"
    source: hosted
    version: "2.0.2"
  share_plus_platform_interface:
    dependency: transitive
    description:
      name: share_plus_platform_interface
      url: "https://pub.dartlang.org"
    source: hosted
    version: "2.0.1"
  share_plus_web:
    dependency: transitive
    description:
      name: share_plus_web
      url: "https://pub.dartlang.org"
    source: hosted
    version: "2.0.4"
  share_plus_windows:
    dependency: transitive
    description:
      name: share_plus_windows
      url: "https://pub.dartlang.org"
    source: hosted
    version: "2.0.3"
  sizer:
    dependency: "direct main"
    description:
      name: sizer
      url: "https://pub.dartlang.org"
    source: hosted
    version: "2.0.15"
  sky_engine:
    dependency: transitive
    description: flutter
    source: sdk
    version: "0.0.99"
  source_span:
    dependency: transitive
    description:
      name: source_span
      url: "https://pub.dartlang.org"
    source: hosted
    version: "1.8.1"
  sqflite:
    dependency: "direct overridden"
    description:
      path: sqflite
      ref: fmdb_override
      resolved-ref: b45da6460b235ad32a1b24653a7b2aa37515605a
      url: "https://www.github.com/davidmartos96/sqflite_sqlcipher.git"
    source: git
    version: "2.0.0+3"
  sqflite_common:
    dependency: transitive
    description:
      name: sqflite_common
      url: "https://pub.dartlang.org"
    source: hosted
    version: "2.2.0"
  sqflite_sqlcipher:
    dependency: "direct main"
    description:
      name: sqflite_sqlcipher
      url: "https://pub.dartlang.org"
    source: hosted
    version: "2.1.0"
  stack_trace:
    dependency: transitive
    description:
      name: stack_trace
      url: "https://pub.dartlang.org"
    source: hosted
    version: "1.10.0"
  stream_channel:
    dependency: transitive
    description:
      name: stream_channel
      url: "https://pub.dartlang.org"
    source: hosted
    version: "2.1.0"
  string_scanner:
    dependency: transitive
    description:
      name: string_scanner
      url: "https://pub.dartlang.org"
    source: hosted
    version: "1.1.0"
  sync_http:
    dependency: transitive
    description:
      name: sync_http
      url: "https://pub.dartlang.org"
    source: hosted
    version: "0.3.0"
  synchronized:
    dependency: transitive
    description:
      name: synchronized
      url: "https://pub.dartlang.org"
    source: hosted
    version: "3.0.0"
  term_glyph:
    dependency: transitive
    description:
      name: term_glyph
      url: "https://pub.dartlang.org"
    source: hosted
    version: "1.2.0"
  test_api:
    dependency: transitive
    description:
      name: test_api
      url: "https://pub.dartlang.org"
    source: hosted
    version: "0.4.8"
  tiki_decision:
    dependency: "direct main"
    description:
      name: tiki_decision
      url: "https://pub.dartlang.org"
    source: hosted
    version: "0.0.5"
  tiki_kv:
    dependency: "direct main"
    description:
      name: tiki_kv
      url: "https://pub.dartlang.org"
    source: hosted
    version: "0.1.1"
  tiki_localchain:
    dependency: transitive
    description:
      name: tiki_localchain
      url: "https://pub.dartlang.org"
    source: hosted
    version: "0.0.4"
  tiki_money:
    dependency: "direct main"
    description:
      name: tiki_money
      url: "https://pub.dartlang.org"
    source: hosted
    version: "0.0.7"
  tiki_spam_cards:
    dependency: "direct main"
    description:
      name: tiki_spam_cards
      url: "https://pub.dartlang.org"
    source: hosted
    version: "0.0.3"
  tiki_style:
    dependency: transitive
    description:
      name: tiki_style
      url: "https://pub.dartlang.org"
    source: hosted
    version: "0.0.11"
  tiki_syncchain:
    dependency: transitive
    description:
      name: tiki_syncchain
      url: "https://pub.dartlang.org"
    source: hosted
    version: "0.0.2"
  tiki_upvoty:
    dependency: transitive
    description:
      name: tiki_upvoty
      url: "https://pub.dartlang.org"
    source: hosted
    version: "0.0.11"
  tiki_user_account:
    dependency: "direct main"
    description:
      name: tiki_user_account
      url: "https://pub.dartlang.org"
    source: hosted
    version: "0.0.3"
  tiki_wallet:
    dependency: "direct main"
    description:
      name: tiki_wallet
      url: "https://pub.dartlang.org"
    source: hosted
    version: "0.0.13"
  tuple:
    dependency: transitive
    description:
      name: tuple
      url: "https://pub.dartlang.org"
    source: hosted
    version: "2.0.0"
  typed_data:
    dependency: transitive
    description:
      name: typed_data
      url: "https://pub.dartlang.org"
    source: hosted
    version: "1.3.0"
  universal_io:
    dependency: transitive
    description:
      name: universal_io
      url: "https://pub.dartlang.org"
    source: hosted
    version: "2.0.4"
  url_launcher:
    dependency: transitive
    description:
      name: url_launcher
      url: "https://pub.dartlang.org"
    source: hosted
    version: "6.1.0"
  url_launcher_android:
    dependency: transitive
    description:
      name: url_launcher_android
      url: "https://pub.dartlang.org"
    source: hosted
    version: "6.0.14"
  url_launcher_ios:
    dependency: transitive
    description:
      name: url_launcher_ios
      url: "https://pub.dartlang.org"
    source: hosted
    version: "6.0.14"
  url_launcher_linux:
    dependency: transitive
    description:
      name: url_launcher_linux
      url: "https://pub.dartlang.org"
    source: hosted
    version: "2.0.2"
  url_launcher_macos:
    dependency: transitive
    description:
      name: url_launcher_macos
      url: "https://pub.dartlang.org"
    source: hosted
    version: "2.0.2"
  url_launcher_platform_interface:
    dependency: transitive
    description:
      name: url_launcher_platform_interface
      url: "https://pub.dartlang.org"
    source: hosted
    version: "2.0.5"
  url_launcher_web:
    dependency: transitive
    description:
      name: url_launcher_web
      url: "https://pub.dartlang.org"
    source: hosted
    version: "2.0.6"
  url_launcher_windows:
    dependency: transitive
    description:
      name: url_launcher_windows
      url: "https://pub.dartlang.org"
    source: hosted
    version: "2.0.2"
  uuid:
    dependency: transitive
    description:
      name: uuid
      url: "https://pub.dartlang.org"
    source: hosted
    version: "3.0.6"
  vector_math:
    dependency: transitive
    description:
      name: vector_math
      url: "https://pub.dartlang.org"
    source: hosted
    version: "2.1.1"
  very_good_analysis:
    dependency: transitive
    description:
      name: very_good_analysis
      url: "https://pub.dartlang.org"
    source: hosted
    version: "2.4.0"
  video_player:
    dependency: transitive
    description:
      name: video_player
      url: "https://pub.dartlang.org"
    source: hosted
    version: "2.4.0"
  video_player_android:
    dependency: transitive
    description:
      name: video_player_android
      url: "https://pub.dartlang.org"
    source: hosted
    version: "2.3.2"
  video_player_avfoundation:
    dependency: transitive
    description:
      name: video_player_avfoundation
      url: "https://pub.dartlang.org"
    source: hosted
    version: "2.3.3"
  video_player_platform_interface:
    dependency: transitive
    description:
      name: video_player_platform_interface
      url: "https://pub.dartlang.org"
    source: hosted
    version: "5.1.2"
  video_player_web:
    dependency: transitive
    description:
      name: video_player_web
      url: "https://pub.dartlang.org"
    source: hosted
    version: "2.0.8"
  vm_service:
    dependency: transitive
    description:
      name: vm_service
      url: "https://pub.dartlang.org"
    source: hosted
    version: "7.5.0"
  wakelock:
    dependency: transitive
    description:
      name: wakelock
      url: "https://pub.dartlang.org"
    source: hosted
    version: "0.6.1+2"
  wakelock_macos:
    dependency: transitive
    description:
      name: wakelock_macos
      url: "https://pub.dartlang.org"
    source: hosted
    version: "0.4.0"
  wakelock_platform_interface:
    dependency: transitive
    description:
      name: wakelock_platform_interface
      url: "https://pub.dartlang.org"
    source: hosted
    version: "0.3.0"
  wakelock_web:
    dependency: transitive
    description:
      name: wakelock_web
      url: "https://pub.dartlang.org"
    source: hosted
    version: "0.4.0"
  wakelock_windows:
    dependency: transitive
    description:
      name: wakelock_windows
      url: "https://pub.dartlang.org"
    source: hosted
    version: "0.2.0"
  watcher:
    dependency: transitive
    description:
      name: watcher
      url: "https://pub.dartlang.org"
    source: hosted
    version: "1.0.1"
  webdriver:
    dependency: transitive
    description:
      name: webdriver
      url: "https://pub.dartlang.org"
    source: hosted
    version: "3.0.0"
  webview_flutter:
    dependency: transitive
    description:
      name: webview_flutter
      url: "https://pub.dartlang.org"
    source: hosted
    version: "2.8.0"
  webview_flutter_android:
    dependency: transitive
    description:
      name: webview_flutter_android
      url: "https://pub.dartlang.org"
    source: hosted
    version: "2.8.6"
  webview_flutter_platform_interface:
    dependency: transitive
    description:
      name: webview_flutter_platform_interface
      url: "https://pub.dartlang.org"
    source: hosted
    version: "1.8.1"
  webview_flutter_wkwebview:
    dependency: transitive
    description:
      name: webview_flutter_wkwebview
      url: "https://pub.dartlang.org"
    source: hosted
    version: "2.7.2"
  win32:
    dependency: transitive
    description:
      name: win32
      url: "https://pub.dartlang.org"
    source: hosted
    version: "2.3.3"
  xdg_directories:
    dependency: transitive
    description:
      name: xdg_directories
      url: "https://pub.dartlang.org"
    source: hosted
    version: "0.2.0"
  xml:
    dependency: transitive
    description:
      name: xml
      url: "https://pub.dartlang.org"
    source: hosted
    version: "5.3.1"
  yaml:
    dependency: transitive
    description:
      name: yaml
      url: "https://pub.dartlang.org"
    source: hosted
    version: "3.1.0"
  zendesk_flutter:
    dependency: transitive
    description:
      name: zendesk_flutter
      url: "https://pub.dartlang.org"
    source: hosted
    version: "0.0.3"
sdks:
  dart: ">=2.16.1 <3.0.0"
  flutter: ">=2.10.2"
